PODS:
  - FBSnapshotTestCase (2.1.4):
    - FBSnapshotTestCase/SwiftSupport (= 2.1.4)
  - FBSnapshotTestCase/Core (2.1.4)
  - FBSnapshotTestCase/SwiftSupport (2.1.4):
    - FBSnapshotTestCase/Core
  - SmallAutoLayout (0.0.1)

DEPENDENCIES:
  - FBSnapshotTestCase
  - SmallAutoLayout (from `../`)

EXTERNAL SOURCES:
  SmallAutoLayout:
    :path: ../

SPEC CHECKSUMS:
  FBSnapshotTestCase: 094f9f314decbabe373b87cc339bea235a63e07a
  SmallAutoLayout: 075805711a1e60045a370105b8deda17a414d69f

PODFILE CHECKSUM: c7d63f7d0d75042efa03e29789fe4fe1fde3a85a

COCOAPODS: 1.3.1
